// !$*UTF8*$!
{
	archiveVersion = 1;
	classes = {
	};
	objectVersion = 48;
	objects = {

/* Begin PBXBuildFile section */
		AD1EFC031FAAF19200C2474E /* AppDelegate.swift in Sources */ = {isa = PBXBuildFile; fileRef = AD1EFC021FAAF19200C2474E /* AppDelegate.swift */; };
		AD1EFC051FAAF19200C2474E /* ViewController.swift in Sources */ = {isa = PBXBuildFile; fileRef = AD1EFC041FAAF19200C2474E /* ViewController.swift */; };
		AD1EFC081FAAF19200C2474E /* Main.storyboard in Resources */ = {isa = PBXBuildFile; fileRef = AD1EFC061FAAF19200C2474E /* Main.storyboard */; };
		AD1EFC0A1FAAF19200C2474E /* Assets.xcassets in Resources */ = {isa = PBXBuildFile; fileRef = AD1EFC091FAAF19200C2474E /* Assets.xcassets */; };
		AD1EFC0D1FAAF19200C2474E /* LaunchScreen.storyboard in Resources */ = {isa = PBXBuildFile; fileRef = AD1EFC0B1FAAF19200C2474E /* LaunchScreen.storyboard */; };
		AD1EFC181FAAF19200C2474E /* AR_01Tests.swift in Sources */ = {isa = PBXBuildFile; fileRef = AD1EFC171FAAF19200C2474E /* AR_01Tests.swift */; };
		AD1EFC231FAAF19200C2474E /* AR_01UITests.swift in Sources */ = {isa = PBXBuildFile; fileRef = AD1EFC221FAAF19200C2474E /* AR_01UITests.swift */; };
/* End PBXBuildFile section */

/* Begin PBXContainerItemProxy section */
		AD1EFC141FAAF19200C2474E /* PBXContainerItemProxy */ = {
			isa = PBXContainerItemProxy;
			containerPortal = AD1EFBF71FAAF19200C2474E /* Project object */;
			proxyType = 1;
			remoteGlobalIDString = AD1EFBFE1FAAF19200C2474E;
			remoteInfo = AR_01;
		};
		AD1EFC1F1FAAF19200C2474E /* PBXContainerItemProxy */ = {
			isa = PBXContainerItemProxy;
			containerPortal = AD1EFBF71FAAF19200C2474E /* Project object */;
			proxyType = 1;
			remoteGlobalIDString = AD1EFBFE1FAAF19200C2474E;
			remoteInfo = AR_01;
		};
/* End PBXContainerItemProxy section */

/* Begin PBXFileReference section */
		AD1EFBFF1FAAF19200C2474E /* AR_01.app */ = {isa = PBXFileReference; explicitFileType = wrapper.application; includeInIndex = 0; path = AR_01.app; sourceTree = BUILT_PRODUCTS_DIR; };
		AD1EFC021FAAF19200C2474E /* AppDelegate.swift */ = {isa = PBXFileReference; lastKnownFileType = sourcecode.swift; path = AppDelegate.swift; sourceTree = "<group>"; };
		AD1EFC041FAAF19200C2474E /* ViewController.swift */ = {isa = PBXFileReference; lastKnownFileType = sourcecode.swift; path = ViewController.swift; sourceTree = "<group>"; };
		AD1EFC071FAAF19200C2474E /* Base */ = {isa = PBXFileReference; lastKnownFileType = file.storyboard; name = Base; path = Base.lproj/Main.storyboard; sourceTree = "<group>"; };
		AD1EFC091FAAF19200C2474E /* Assets.xcassets */ = {isa = PBXFileReference; lastKnownFileType = folder.assetcatalog; path = Assets.xcassets; sourceTree = "<group>"; };
		AD1EFC0C1FAAF19200C2474E /* Base */ = {isa = PBXFileReference; lastKnownFileType = file.storyboard; name = Base; path = Base.lproj/LaunchScreen.storyboard; sourceTree = "<group>"; };
		AD1EFC0E1FAAF19200C2474E /* Info.plist */ = {isa = PBXFileReference; lastKnownFileType = text.plist.xml; path = Info.plist; sourceTree = "<group>"; };
		AD1EFC131FAAF19200C2474E /* AR_01Tests.xctest */ = {isa = PBXFileReference; explicitFileType = wrapper.cfbundle; includeInIndex = 0; path = AR_01Tests.xctest; sourceTree = BUILT_PRODUCTS_DIR; };
		AD1EFC171FAAF19200C2474E /* AR_01Tests.swift */ = {isa = PBXFileReference; lastKnownFileType = sourcecode.swift; path = AR_01Tests.swift; sourceTree = "<group>"; };
		AD1EFC191FAAF19200C2474E /* Info.plist */ = {isa = PBXFileReference; lastKnownFileType = text.plist.xml; path = Info.plist; sourceTree = "<group>"; };
		AD1EFC1E1FAAF19200C2474E /* AR_01UITests.xctest */ = {isa = PBXFileReference; explicitFileType = wrapper.cfbundle; includeInIndex = 0; path = AR_01UITests.xctest; sourceTree = BUILT_PRODUCTS_DIR; };
		AD1EFC221FAAF19200C2474E /* AR_01UITests.swift */ = {isa = PBXFileReference; lastKnownFileType = sourcecode.swift; path = AR_01UITests.swift; sourceTree = "<group>"; };
		AD1EFC241FAAF19200C2474E /* Info.plist */ = {isa = PBXFileReference; lastKnownFileType = text.plist.xml; path = Info.plist; sourceTree = "<group>"; };
/* End PBXFileReference section */

/* Begin PBXFrameworksBuildPhase section */
		AD1EFBFC1FAAF19200C2474E /* Frameworks */ = {
			isa = PBXFrameworksBuildPhase;
			buildActionMask = 2147483647;
			files = (
			);
			runOnlyForDeploymentPostprocessing = 0;
		};
		AD1EFC101FAAF19200C2474E /* Frameworks */ = {
			isa = PBXFrameworksBuildPhase;
			buildActionMask = 2147483647;
			files = (
			);
			runOnlyForDeploymentPostprocessing = 0;
		};
		AD1EFC1B1FAAF19200C2474E /* Frameworks */ = {
			isa = PBXFrameworksBuildPhase;
			buildActionMask = 2147483647;
			files = (
			);
			runOnlyForDeploymentPostprocessing = 0;
		};
/* End PBXFrameworksBuildPhase section */

/* Begin PBXGroup section */
		AD1EFBF61FAAF19200C2474E = {
			isa = PBXGroup;
			children = (
				AD1EFC011FAAF19200C2474E /* AR_01 */,
				AD1EFC161FAAF19200C2474E /* AR_01Tests */,
				AD1EFC211FAAF19200C2474E /* AR_01UITests */,
				AD1EFC001FAAF19200C2474E /* Products */,
			);
			sourceTree = "<group>";
		};
		AD1EFC001FAAF19200C2474E /* Products */ = {
			isa = PBXGroup;
			children = (
				AD1EFBFF1FAAF19200C2474E /* AR_01.app */,
				AD1EFC131FAAF19200C2474E /* AR_01Tests.xctest */,
				AD1EFC1E1FAAF19200C2474E /* AR_01UITests.xctest */,
			);
			name = Products;
			sourceTree = "<group>";
		};
		AD1EFC011FAAF19200C2474E /* AR_01 */ = {
			isa = PBXGroup;
			children = (
				AD1EFC021FAAF19200C2474E /* AppDelegate.swift */,
				AD1EFC041FAAF19200C2474E /* ViewController.swift */,
				AD1EFC061FAAF19200C2474E /* Main.storyboard */,
				AD1EFC091FAAF19200C2474E /* Assets.xcassets */,
				AD1EFC0B1FAAF19200C2474E /* LaunchScreen.storyboard */,
				AD1EFC0E1FAAF19200C2474E /* Info.plist */,
			);
			path = AR_01;
			sourceTree = "<group>";
		};
		AD1EFC161FAAF19200C2474E /* AR_01Tests */ = {
			isa = PBXGroup;
			children = (
				AD1EFC171FAAF19200C2474E /* AR_01Tests.swift */,
				AD1EFC191FAAF19200C2474E /* Info.plist */,
			);
			path = AR_01Tests;
			sourceTree = "<group>";
		};
		AD1EFC211FAAF19200C2474E /* AR_01UITests */ = {
			isa = PBXGroup;
			children = (
				AD1EFC221FAAF19200C2474E /* AR_01UITests.swift */,
				AD1EFC241FAAF19200C2474E /* Info.plist */,
			);
			path = AR_01UITests;
			sourceTree = "<group>";
		};
/* End PBXGroup section */

/* Begin PBXNativeTarget section */
		AD1EFBFE1FAAF19200C2474E /* AR_01 */ = {
			isa = PBXNativeTarget;
			buildConfigurationList = AD1EFC271FAAF19200C2474E /* Build configuration list for PBXNativeTarget "AR_01" */;
			buildPhases = (
				AD1EFBFB1FAAF19200C2474E /* Sources */,
				AD1EFBFC1FAAF19200C2474E /* Frameworks */,
				AD1EFBFD1FAAF19200C2474E /* Resources */,
			);
			buildRules = (
			);
			dependencies = (
			);
			name = AR_01;
			productName = AR_01;
			productReference = AD1EFBFF1FAAF19200C2474E /* AR_01.app */;
			productType = "com.apple.product-type.application";
		};
		AD1EFC121FAAF19200C2474E /* AR_01Tests */ = {
			isa = PBXNativeTarget;
			buildConfigurationList = AD1EFC2A1FAAF19200C2474E /* Build configuration list for PBXNativeTarget "AR_01Tests" */;
			buildPhases = (
				AD1EFC0F1FAAF19200C2474E /* Sources */,
				AD1EFC101FAAF19200C2474E /* Frameworks */,
				AD1EFC111FAAF19200C2474E /* Resources */,
			);
			buildRules = (
			);
			dependencies = (
				AD1EFC151FAAF19200C2474E /* PBXTargetDependency */,
			);
			name = AR_01Tests;
			productName = AR_01Tests;
			productReference = AD1EFC131FAAF19200C2474E /* AR_01Tests.xctest */;
			productType = "com.apple.product-type.bundle.unit-test";
		};
		AD1EFC1D1FAAF19200C2474E /* AR_01UITests */ = {
			isa = PBXNativeTarget;
			buildConfigurationList = AD1EFC2D1FAAF19200C2474E /* Build configuration list for PBXNativeTarget "AR_01UITests" */;
			buildPhases = (
				AD1EFC1A1FAAF19200C2474E /* Sources */,
				AD1EFC1B1FAAF19200C2474E /* Frameworks */,
				AD1EFC1C1FAAF19200C2474E /* Resources */,
			);
			buildRules = (
			);
			dependencies = (
				AD1EFC201FAAF19200C2474E /* PBXTargetDependency */,
			);
			name = AR_01UITests;
			productName = AR_01UITests;
			productReference = AD1EFC1E1FAAF19200C2474E /* AR_01UITests.xctest */;
			productType = "com.apple.product-type.bundle.ui-testing";
		};
/* End PBXNativeTarget section */

/* Begin PBXProject section */
		AD1EFBF71FAAF19200C2474E /* Project object */ = {
			isa = PBXProject;
			attributes = {
				LastSwiftUpdateCheck = 0900;
				LastUpgradeCheck = 0900;
				ORGANIZATIONNAME = "Gillian ";
				TargetAttributes = {
					AD1EFBFE1FAAF19200C2474E = {
						CreatedOnToolsVersion = 9.0;
						ProvisioningStyle = Automatic;
					};
					AD1EFC121FAAF19200C2474E = {
						CreatedOnToolsVersion = 9.0;
						ProvisioningStyle = Automatic;
						TestTargetID = AD1EFBFE1FAAF19200C2474E;
					};
					AD1EFC1D1FAAF19200C2474E = {
						CreatedOnToolsVersion = 9.0;
						ProvisioningStyle = Automatic;
						TestTargetID = AD1EFBFE1FAAF19200C2474E;
					};
				};
			};
			buildConfigurationList = AD1EFBFA1FAAF19200C2474E /* Build configuration list for PBXProject "AR_01" */;
			compatibilityVersion = "Xcode 8.0";
			developmentRegion = en;
			hasScannedForEncodings = 0;
			knownRegions = (
				en,
				Base,
			);
			mainGroup = AD1EFBF61FAAF19200C2474E;
			productRefGroup = AD1EFC001FAAF19200C2474E /* Products */;
			projectDirPath = "";
			projectRoot = "";
			targets = (
				AD1EFBFE1FAAF19200C2474E /* AR_01 */,
				AD1EFC121FAAF19200C2474E /* AR_01Tests */,
				AD1EFC1D1FAAF19200C2474E /* AR_01UITests */,
			);
		};
/* End PBXProject section */

/* Begin PBXResourcesBuildPhase section */
		AD1EFBFD1FAAF19200C2474E /* Resources */ = {
			isa = PBXResourcesBuildPhase;
			buildActionMask = 2147483647;
			files = (
				AD1EFC0D1FAAF19200C2474E /* LaunchScreen.storyboard in Resources */,
				AD1EFC0A1FAAF19200C2474E /* Assets.xcassets in Resources */,
				AD1EFC081FAAF19200C2474E /* Main.storyboard in Resources */,
			);
			runOnlyForDeploymentPostprocessing = 0;
		};
		AD1EFC111FAAF19200C2474E /* Resources */ = {
			isa = PBXResourcesBuildPhase;
			buildActionMask = 2147483647;
			files = (
			);
			runOnlyForDeploymentPostprocessing = 0;
		};
		AD1EFC1C1FAAF19200C2474E /* Resources */ = {
			isa = PBXResourcesBuildPhase;
			buildActionMask = 2147483647;
			files = (
			);
			runOnlyForDeploymentPostprocessing = 0;
		};
/* End PBXResourcesBuildPhase section */

/* Begin PBXSourcesBuildPhase section */
		AD1EFBFB1FAAF19200C2474E /* Sources */ = {
			isa = PBXSourcesBuildPhase;
			buildActionMask = 2147483647;
			files = (
				AD1EFC051FAAF19200C2474E /* ViewController.swift in Sources */,
				AD1EFC031FAAF19200C2474E /* AppDelegate.swift in Sources */,
			);
			runOnlyForDeploymentPostprocessing = 0;
		};
		AD1EFC0F1FAAF19200C2474E /* Sources */ = {
			isa = PBXSourcesBuildPhase;
			buildActionMask = 2147483647;
			files = (
				AD1EFC181FAAF19200C2474E /* AR_01Tests.swift in Sources */,
			);
			runOnlyForDeploymentPostprocessing = 0;
		};
		AD1EFC1A1FAAF19200C2474E /* Sources */ = {
			isa = PBXSourcesBuildPhase;
			buildActionMask = 2147483647;
			files = (
				AD1EFC231FAAF19200C2474E /* AR_01UITests.swift in Sources */,
			);
			runOnlyForDeploymentPostprocessing = 0;
		};
/* End PBXSourcesBuildPhase section */

/* Begin PBXTargetDependency section */
		AD1EFC151FAAF19200C2474E /* PBXTargetDependency */ = {
			isa = PBXTargetDependency;
			target = AD1EFBFE1FAAF19200C2474E /* AR_01 */;
			targetProxy = AD1EFC141FAAF19200C2474E /* PBXContainerItemProxy */;
		};
		AD1EFC201FAAF19200C2474E /* PBXTargetDependency */ = {
			isa = PBXTargetDependency;
			target = AD1EFBFE1FAAF19200C2474E /* AR_01 */;
			targetProxy = AD1EFC1F1FAAF19200C2474E /* PBXContainerItemProxy */;
		};
/* End PBXTargetDependency section */

/* Begin PBXVariantGroup section */
		AD1EFC061FAAF19200C2474E /* Main.storyboard */ = {
			isa = PBXVariantGroup;
			children = (
				AD1EFC071FAAF19200C2474E /* Base */,
			);
			name = Main.storyboard;
			sourceTree = "<group>";
		};
		AD1EFC0B1FAAF19200C2474E /* LaunchScreen.storyboard */ = {
			isa = PBXVariantGroup;
			children = (
				AD1EFC0C1FAAF19200C2474E /* Base */,
			);
			name = LaunchScreen.storyboard;
			sourceTree = "<group>";
		};
/* End PBXVariantGroup section */

/* Begin XCBuildConfiguration section */
		AD1EFC251FAAF19200C2474E /* Debug */ = {
			isa = XCBuildConfiguration;
			buildSettings = {
				ALWAYS_SEARCH_USER_PATHS = NO;
				CLANG_ANALYZER_NONNULL = YES;
				CLANG_ANALYZER_NUMBER_OBJECT_CONVERSION = YES_AGGRESSIVE;
				CLANG_CXX_LANGUAGE_STANDARD = "gnu++14";
				CLANG_CXX_LIBRARY = "libc++";
				CLANG_ENABLE_MODULES = YES;
				CLANG_ENABLE_OBJC_ARC = YES;
				CLANG_WARN_BLOCK_CAPTURE_AUTORELEASING = YES;
				CLANG_WARN_BOOL_CONVERSION = YES;
				CLANG_WARN_COMMA = YES;
				CLANG_WARN_CONSTANT_CONVERSION = YES;
				CLANG_WARN_DIRECT_OBJC_ISA_USAGE = YES_ERROR;
				CLANG_WARN_DOCUMENTATION_COMMENTS = YES;
				CLANG_WARN_EMPTY_BODY = YES;
				CLANG_WARN_ENUM_CONVERSION = YES;
				CLANG_WARN_INFINITE_RECURSION = YES;
				CLANG_WARN_INT_CONVERSION = YES;
				CLANG_WARN_NON_LITERAL_NULL_CONVERSION = YES;
				CLANG_WARN_OBJC_LITERAL_CONVERSION = YES;
				CLANG_WARN_OBJC_ROOT_CLASS = YES_ERROR;
				CLANG_WARN_RANGE_LOOP_ANALYSIS = YES;
				CLANG_WARN_STRICT_PROTOTYPES = YES;
				CLANG_WARN_SUSPICIOUS_MOVE = YES;
				CLANG_WARN_UNGUARDED_AVAILABILITY = YES_AGGRESSIVE;
				CLANG_WARN_UNREACHABLE_CODE = YES;
				CLANG_WARN__DUPLICATE_METHOD_MATCH = YES;
				CODE_SIGN_IDENTITY = "iPhone Developer";
				COPY_PHASE_STRIP = NO;
				DEBUG_INFORMATION_FORMAT = dwarf;
				ENABLE_STRICT_OBJC_MSGSEND = YES;
				ENABLE_TESTABILITY = YES;
				GCC_C_LANGUAGE_STANDARD = gnu11;
				GCC_DYNAMIC_NO_PIC = NO;
				GCC_NO_COMMON_BLOCKS = YES;
				GCC_OPTIMIZATION_LEVEL = 0;
				GCC_PREPROCESSOR_DEFINITIONS = (
					"DEBUG=1",
					"$(inherited)",
				);
				GCC_WARN_64_TO_32_BIT_CONVERSION = YES;
				GCC_WARN_ABOUT_RETURN_TYPE = YES_ERROR;
				GCC_WARN_UNDECLARED_SELECTOR = YES;
				GCC_WARN_UNINITIALIZED_AUTOS = YES_AGGRESSIVE;
				GCC_WARN_UNUSED_FUNCTION = YES;
				GCC_WARN_UNUSED_VARIABLE = YES;
				IPHONEOS_DEPLOYMENT_TARGET = 11.0;
				MTL_ENABLE_DEBUG_INFO = YES;
				ONLY_ACTIVE_ARCH = YES;
				SDKROOT = iphoneos;
				SWIFT_ACTIVE_COMPILATION_CONDITIONS = DEBUG;
				SWIFT_OPTIMIZATION_LEVEL = "-Onone";
			};
			name = Debug;
		};
		AD1EFC261FAAF19200C2474E /* Release */ = {
			isa = XCBuildConfiguration;
			buildSettings = {
				ALWAYS_SEARCH_USER_PATHS = NO;
				CLANG_ANALYZER_NONNULL = YES;
				CLANG_ANALYZER_NUMBER_OBJECT_CONVERSION = YES_AGGRESSIVE;
				CLANG_CXX_LANGUAGE_STANDARD = "gnu++14";
				CLANG_CXX_LIBRARY = "libc++";
				CLANG_ENABLE_MODULES = YES;
				CLANG_ENABLE_OBJC_ARC = YES;
				CLANG_WARN_BLOCK_CAPTURE_AUTORELEASING = YES;
				CLANG_WARN_BOOL_CONVERSION = YES;
				CLANG_WARN_COMMA = YES;
				CLANG_WARN_CONSTANT_CONVERSION = YES;
				CLANG_WARN_DIRECT_OBJC_ISA_USAGE = YES_ERROR;
				CLANG_WARN_DOCUMENTATION_COMMENTS = YES;
				CLANG_WARN_EMPTY_BODY = YES;
				CLANG_WARN_ENUM_CONVERSION = YES;
				CLANG_WARN_INFINITE_RECURSION = YES;
				CLANG_WARN_INT_CONVERSION = YES;
				CLANG_WARN_NON_LITERAL_NULL_CONVERSION = YES;
				CLANG_WARN_OBJC_LITERAL_CONVERSION = YES;
				CLANG_WARN_OBJC_ROOT_CLASS = YES_ERROR;
				CLANG_WARN_RANGE_LOOP_ANALYSIS = YES;
				CLANG_WARN_STRICT_PROTOTYPES = YES;
				CLANG_WARN_SUSPICIOUS_MOVE = YES;
				CLANG_WARN_UNGUARDED_AVAILABILITY = YES_AGGRESSIVE;
				CLANG_WARN_UNREACHABLE_CODE = YES;
				CLANG_WARN__DUPLICATE_METHOD_MATCH = YES;
				CODE_SIGN_IDENTITY = "iPhone Developer";
				COPY_PHASE_STRIP = NO;
				DEBUG_INFORMATION_FORMAT = "dwarf-with-dsym";
				ENABLE_NS_ASSERTIONS = NO;
				ENABLE_STRICT_OBJC_MSGSEND = YES;
				GCC_C_LANGUAGE_STANDARD = gnu11;
				GCC_NO_COMMON_BLOCKS = YES;
				GCC_WARN_64_TO_32_BIT_CONVERSION = YES;
				GCC_WARN_ABOUT_RETURN_TYPE = YES_ERROR;
				GCC_WARN_UNDECLARED_SELECTOR = YES;
				GCC_WARN_UNINITIALIZED_AUTOS = YES_AGGRESSIVE;
				GCC_WARN_UNUSED_FUNCTION = YES;
				GCC_WARN_UNUSED_VARIABLE = YES;
				IPHONEOS_DEPLOYMENT_TARGET = 11.0;
				MTL_ENABLE_DEBUG_INFO = NO;
				SDKROOT = iphoneos;
				SWIFT_OPTIMIZATION_LEVEL = "-Owholemodule";
				VALIDATE_PRODUCT = YES;
			};
			name = Release;
		};
		AD1EFC281FAAF19200C2474E /* Debug */ = {
			isa = XCBuildConfiguration;
			buildSettings = {
				ASSETCATALOG_COMPILER_APPICON_NAME = AppIcon;
				CODE_SIGN_STYLE = Automatic;
				DEVELOPMENT_TEAM = YXZPQV2MM8;
				INFOPLIST_FILE = AR_01/Info.plist;
				LD_RUNPATH_SEARCH_PATHS = "$(inherited) @executable_path/Frameworks";
				PRODUCT_BUNDLE_IDENTIFIER = "com.gmail.AR-01";
				PRODUCT_NAME = "$(TARGET_NAME)";
				SWIFT_VERSION = 4.0;
				TARGETED_DEVICE_FAMILY = "1,2";
			};
			name = Debug;
		};
		AD1EFC291FAAF19200C2474E /* Release */ = {
			isa = XCBuildConfiguration;
			buildSettings = {
				ASSETCATALOG_COMPILER_APPICON_NAME = AppIcon;
				CODE_SIGN_STYLE = Automatic;
				DEVELOPMENT_TEAM = YXZPQV2MM8;
				INFOPLIST_FILE = AR_01/Info.plist;
				LD_RUNPATH_SEARCH_PATHS = "$(inherited) @executable_path/Frameworks";
				PRODUCT_BUNDLE_IDENTIFIER = "com.gmail.AR-01";
				PRODUCT_NAME = "$(TARGET_NAME)";
				SWIFT_VERSION = 4.0;
				TARGETED_DEVICE_FAMILY = "1,2";
			};
			name = Release;
		};
		AD1EFC2B1FAAF19200C2474E /* Debug */ = {
			isa = XCBuildConfiguration;
			buildSettings = {
				ALWAYS_EMBED_SWIFT_STANDARD_LIBRARIES = YES;
				BUNDLE_LOADER = "$(TEST_HOST)";
				CODE_SIGN_STYLE = Automatic;
				DEVELOPMENT_TEAM = YXZPQV2MM8;
				INFOPLIST_FILE = AR_01Tests/Info.plist;
				LD_RUNPATH_SEARCH_PATHS = "$(inherited) @executable_path/Frameworks @loader_path/Frameworks";
				PRODUCT_BUNDLE_IDENTIFIER = "com.gmail.AR-01Tests";
				PRODUCT_NAME = "$(TARGET_NAME)";
				SWIFT_VERSION = 4.0;
				TARGETED_DEVICE_FAMILY = "1,2";
				TEST_HOST = "$(BUILT_PRODUCTS_DIR)/AR_01.app/AR_01";
			};
			name = Debug;
		};
		AD1EFC2C1FAAF19200C2474E /* Release */ = {
			isa = XCBuildConfiguration;
			buildSettings = {
				ALWAYS_EMBED_SWIFT_STANDARD_LIBRARIES = YES;
				BUNDLE_LOADER = "$(TEST_HOST)";
				CODE_SIGN_STYLE = Automatic;
				DEVELOPMENT_TEAM = YXZPQV2MM8;
				INFOPLIST_FILE = AR_01Tests/Info.plist;
				LD_RUNPATH_SEARCH_PATHS = "$(inherited) @executable_path/Frameworks @loader_path/Frameworks";
				PRODUCT_BUNDLE_IDENTIFIER = "com.gmail.AR-01Tests";
				PRODUCT_NAME = "$(TARGET_NAME)";
				SWIFT_VERSION = 4.0;
				TARGETED_DEVICE_FAMILY = "1,2";
				TEST_HOST = "$(BUILT_PRODUCTS_DIR)/AR_01.app/AR_01";
			};
			name = Release;
		};
		AD1EFC2E1FAAF19200C2474E /* Debug */ = {
			isa = XCBuildConfiguration;
			buildSettings = {
				ALWAYS_EMBED_SWIFT_STANDARD_LIBRARIES = YES;
				CODE_SIGN_STYLE = Automatic;
				DEVELOPMENT_TEAM = YXZPQV2MM8;
				INFOPLIST_FILE = AR_01UITests/Info.plist;
				LD_RUNPATH_SEARCH_PATHS = "$(inherited) @executable_path/Frameworks @loader_path/Frameworks";
				PRODUCT_BUNDLE_IDENTIFIER = "com.gmail.AR-01UITests";
				PRODUCT_NAME = "$(TARGET_NAME)";
				SWIFT_VERSION = 4.0;
				TARGETED_DEVICE_FAMILY = "1,2";
				TEST_TARGET_NAME = AR_01;
			};
			name = Debug;
		};
		AD1EFC2F1FAAF19200C2474E /* Release */ = {
			isa = XCBuildConfiguration;
			buildSettings = {
				ALWAYS_EMBED_SWIFT_STANDARD_LIBRARIES = YES;
				CODE_SIGN_STYLE = Automatic;
				DEVELOPMENT_TEAM = YXZPQV2MM8;
				INFOPLIST_FILE = AR_01UITests/Info.plist;
				LD_RUNPATH_SEARCH_PATHS = "$(inherited) @executable_path/Frameworks @loader_path/Frameworks";
				PRODUCT_BUNDLE_IDENTIFIER = "com.gmail.AR-01UITests";
				PRODUCT_NAME = "$(TARGET_NAME)";
				SWIFT_VERSION = 4.0;
				TARGETED_DEVICE_FAMILY = "1,2";
				TEST_TARGET_NAME = AR_01;
			};
			name = Release;
		};
/* End XCBuildConfiguration section */

/* Begin XCConfigurationList section */
		AD1EFBFA1FAAF19200C2474E /* Build configuration list for PBXProject "AR_01" */ = {
			isa = XCConfigurationList;
			buildConfigurations = (
				AD1EFC251FAAF19200C2474E /* Debug */,
				AD1EFC261FAAF19200C2474E /* Release */,
			);
			defaultConfigurationIsVisible = 0;
			defaultConfigurationName = Release;
		};
		AD1EFC271FAAF19200C2474E /* Build configuration list for PBXNativeTarget "AR_01" */ = {
			isa = XCConfigurationList;
			buildConfigurations = (
				AD1EFC281FAAF19200C2474E /* Debug */,
				AD1EFC291FAAF19200C2474E /* Release */,
			);
			defaultConfigurationIsVisible = 0;
			defaultConfigurationName = Release;
		};
		AD1EFC2A1FAAF19200C2474E /* Build configuration list for PBXNativeTarget "AR_01Tests" */ = {
			isa = XCConfigurationList;
			buildConfigurations = (
				AD1EFC2B1FAAF19200C2474E /* Debug */,
				AD1EFC2C1FAAF19200C2474E /* Release */,
			);
			defaultConfigurationIsVisible = 0;
			defaultConfigurationName = Release;
		};
		AD1EFC2D1FAAF19200C2474E /* Build configuration list for PBXNativeTarget "AR_01UITests" */ = {
			isa = XCConfigurationList;
			buildConfigurations = (
				AD1EFC2E1FAAF19200C2474E /* Debug */,
				AD1EFC2F1FAAF19200C2474E /* Release */,
			);
			defaultConfigurationIsVisible = 0;
			defaultConfigurationName = Release;
		};
/* End XCConfigurationList section */
	};
	rootObject = AD1EFBF71FAAF19200C2474E /* Project object */;
}
